{
  "name": "@tervis/terviscustomyzerjs",
  "version": "0.1.12",
  "lockfileVersion": 1,
  "requires": true,
  "dependencies": {
    "@tervis/terviscustomyzercontstants": {
      "version": "0.0.1",
      "resolved": "https://registry.npmjs.org/@tervis/terviscustomyzercontstants/-/terviscustomyzercontstants-0.0.1.tgz",
      "integrity": "sha512-5aAmk7Xgtitd5k3maCaw4TvQDisuymKFjByRwnOYNcpbJLNGo8LgUZUk9XT4al16QV+ONJEXXSpkBQD916UNNw=="
    },
    "@tervis/tervisutilityjs": {
      "version": "0.0.1"
    }
  }
}
