{
  "name": "@tervis/terviscustomyzerjs",
  "version": "0.1.15",
  "lockfileVersion": 1,
  "requires": true,
  "dependencies": {
    "@tervis/terviscustomyzerservicejs": {
      "version": "0.1.1",
      "resolved": "https://registry.npmjs.org/@tervis/terviscustomyzerservicejs/-/terviscustomyzerservicejs-0.1.1.tgz",
      "integrity": "sha512-qTW4z5SwEY85hiC8eC55vSPtztGqvO8ulsrvtTI2RZ9l1TbjMlrPSn1FWTVTjP8EU3onTR85CtnZLXLS+FRgMQ==",
      "requires": {
        "node-fetch": "^2.6.0"
      }
    },
    "node-fetch": {
      "version": "2.6.0",
      "resolved": "https://registry.npmjs.org/node-fetch/-/node-fetch-2.6.0.tgz",
      "integrity": "sha512-8dG4H5ujfvFiqDmVu9fQ5bOHUC15JMjMY/Zumv26oOvvVJjM67KF8koCWIabKQ1GJIa9r2mMZscBq/TbdOcmNA=="
    }
  }
}
